// !$*UTF8*$!
{
	archiveVersion = 1;
	classes = {
	};
	objectVersion = 46;
	objects = {

/* Begin PBXBuildFile section */
		220D5C081F383EA5000A99A5 /* AppDelegate.swift in Sources */ = {isa = PBXBuildFile; fileRef = 220D5C071F383EA5000A99A5 /* AppDelegate.swift */; };
		220D5C0A1F383EA5000A99A5 /* RecordSoundsViewController.swift in Sources */ = {isa = PBXBuildFile; fileRef = 220D5C091F383EA5000A99A5 /* RecordSoundsViewController.swift */; };
		220D5C0D1F383EA5000A99A5 /* Main.storyboard in Resources */ = {isa = PBXBuildFile; fileRef = 220D5C0B1F383EA5000A99A5 /* Main.storyboard */; };
		220D5C0F1F383EA5000A99A5 /* Assets.xcassets in Resources */ = {isa = PBXBuildFile; fileRef = 220D5C0E1F383EA5000A99A5 /* Assets.xcassets */; };
		220D5C121F383EA5000A99A5 /* LaunchScreen.storyboard in Resources */ = {isa = PBXBuildFile; fileRef = 220D5C101F383EA5000A99A5 /* LaunchScreen.storyboard */; };
		2245B94A1F4181AA006939DA /* PlaysoundViewController.swift in Sources */ = {isa = PBXBuildFile; fileRef = 2245B9491F4181AA006939DA /* PlaysoundViewController.swift */; };
		2245B9501F41B4A6006939DA /* playsoundviewcontroller-audio.swift in Sources */ = {isa = PBXBuildFile; fileRef = 2245B94F1F41B4A5006939DA /* playsoundviewcontroller-audio.swift */; };
/* End PBXBuildFile section */

/* Begin PBXFileReference section */
		220D5C041F383EA5000A99A5 /* Pitch Perfect.app */ = {isa = PBXFileReference; explicitFileType = wrapper.application; includeInIndex = 0; path = "Pitch Perfect.app"; sourceTree = BUILT_PRODUCTS_DIR; };
		220D5C071F383EA5000A99A5 /* AppDelegate.swift */ = {isa = PBXFileReference; lastKnownFileType = sourcecode.swift; path = AppDelegate.swift; sourceTree = "<group>"; };
		220D5C091F383EA5000A99A5 /* RecordSoundsViewController.swift */ = {isa = PBXFileReference; lastKnownFileType = sourcecode.swift; path = RecordSoundsViewController.swift; sourceTree = "<group>"; };
		220D5C0C1F383EA5000A99A5 /* Base */ = {isa = PBXFileReference; lastKnownFileType = file.storyboard; name = Base; path = Base.lproj/Main.storyboard; sourceTree = "<group>"; };
		220D5C0E1F383EA5000A99A5 /* Assets.xcassets */ = {isa = PBXFileReference; lastKnownFileType = folder.assetcatalog; path = Assets.xcassets; sourceTree = "<group>"; };
		220D5C111F383EA5000A99A5 /* Base */ = {isa = PBXFileReference; lastKnownFileType = file.storyboard; name = Base; path = Base.lproj/LaunchScreen.storyboard; sourceTree = "<group>"; };
		220D5C131F383EA5000A99A5 /* Info.plist */ = {isa = PBXFileReference; lastKnownFileType = text.plist.xml; path = Info.plist; sourceTree = "<group>"; };
		2245B9491F4181AA006939DA /* PlaysoundViewController.swift */ = {isa = PBXFileReference; fileEncoding = 4; lastKnownFileType = sourcecode.swift; path = PlaysoundViewController.swift; sourceTree = "<group>"; };
		2245B94F1F41B4A5006939DA /* playsoundviewcontroller-audio.swift */ = {isa = PBXFileReference; fileEncoding = 4; lastKnownFileType = sourcecode.swift; path = "playsoundviewcontroller-audio.swift"; sourceTree = "<group>"; };
/* End PBXFileReference section */

/* Begin PBXFrameworksBuildPhase section */
		220D5C011F383EA5000A99A5 /* Frameworks */ = {
			isa = PBXFrameworksBuildPhase;
			buildActionMask = 2147483647;
			files = (
			);
			runOnlyForDeploymentPostprocessing = 0;
		};
/* End PBXFrameworksBuildPhase section */

/* Begin PBXGroup section */
		220D5BFB1F383EA5000A99A5 = {
			isa = PBXGroup;
			children = (
				220D5C061F383EA5000A99A5 /* Pitch Perfect */,
				220D5C051F383EA5000A99A5 /* Products */,
			);
			sourceTree = "<group>";
		};
		220D5C051F383EA5000A99A5 /* Products */ = {
			isa = PBXGroup;
			children = (
				220D5C041F383EA5000A99A5 /* Pitch Perfect.app */,
			);
			name = Products;
			sourceTree = "<group>";
		};
		220D5C061F383EA5000A99A5 /* Pitch Perfect */ = {
			isa = PBXGroup;
			children = (
				220D5C071F383EA5000A99A5 /* AppDelegate.swift */,
				220D5C091F383EA5000A99A5 /* RecordSoundsViewController.swift */,
				220D5C0B1F383EA5000A99A5 /* Main.storyboard */,
				220D5C0E1F383EA5000A99A5 /* Assets.xcassets */,
				220D5C101F383EA5000A99A5 /* LaunchScreen.storyboard */,
				220D5C131F383EA5000A99A5 /* Info.plist */,
				2245B9491F4181AA006939DA /* PlaysoundViewController.swift */,
				2245B94F1F41B4A5006939DA /* playsoundviewcontroller-audio.swift */,
			);
			path = "Pitch Perfect";
			sourceTree = "<group>";
		};
/* End PBXGroup section */

/* Begin PBXNativeTarget section */
		220D5C031F383EA5000A99A5 /* Pitch Perfect */ = {
			isa = PBXNativeTarget;
			buildConfigurationList = 220D5C161F383EA5000A99A5 /* Build configuration list for PBXNativeTarget "Pitch Perfect" */;
			buildPhases = (
				220D5C001F383EA5000A99A5 /* Sources */,
				220D5C011F383EA5000A99A5 /* Frameworks */,
				220D5C021F383EA5000A99A5 /* Resources */,
			);
			buildRules = (
			);
			dependencies = (
			);
			name = "Pitch Perfect";
			productName = "Pitch Perfect";
			productReference = 220D5C041F383EA5000A99A5 /* Pitch Perfect.app */;
			productType = "com.apple.product-type.application";
		};
/* End PBXNativeTarget section */

/* Begin PBXProject section */
		220D5BFC1F383EA5000A99A5 /* Project object */ = {
			isa = PBXProject;
			attributes = {
				LastSwiftUpdateCheck = 0830;
				LastUpgradeCheck = 0830;
				ORGANIZATIONNAME = Advaitham;
				TargetAttributes = {
					220D5C031F383EA5000A99A5 = {
						CreatedOnToolsVersion = 8.3.3;
						ProvisioningStyle = Automatic;
					};
				};
			};
			buildConfigurationList = 220D5BFF1F383EA5000A99A5 /* Build configuration list for PBXProject "Pitch Perfect" */;
			compatibilityVersion = "Xcode 3.2";
			developmentRegion = English;
			hasScannedForEncodings = 0;
			knownRegions = (
				en,
				Base,
			);
			mainGroup = 220D5BFB1F383EA5000A99A5;
			productRefGroup = 220D5C051F383EA5000A99A5 /* Products */;
			projectDirPath = "";
			projectRoot = "";
			targets = (
				220D5C031F383EA5000A99A5 /* Pitch Perfect */,
			);
		};
/* End PBXProject section */

/* Begin PBXResourcesBuildPhase section */
		220D5C021F383EA5000A99A5 /* Resources */ = {
			isa = PBXResourcesBuildPhase;
			buildActionMask = 2147483647;
			files = (
				220D5C121F383EA5000A99A5 /* LaunchScreen.storyboard in Resources */,
				220D5C0F1F383EA5000A99A5 /* Assets.xcassets in Resources */,
				220D5C0D1F383EA5000A99A5 /* Main.storyboard in Resources */,
			);
			runOnlyForDeploymentPostprocessing = 0;
		};
/* End PBXResourcesBuildPhase section */

/* Begin PBXSourcesBuildPhase section */
		220D5C001F383EA5000A99A5 /* Sources */ = {
			isa = PBXSourcesBuildPhase;
			buildActionMask = 2147483647;
			files = (
				2245B94A1F4181AA006939DA /* PlaysoundViewController.swift in Sources */,
				220D5C0A1F383EA5000A99A5 /* RecordSoundsViewController.swift in Sources */,
				220D5C081F383EA5000A99A5 /* AppDelegate.swift in Sources */,
				2245B9501F41B4A6006939DA /* playsoundviewcontroller-audio.swift in Sources */,
			);
			runOnlyForDeploymentPostprocessing = 0;
		};
/* End PBXSourcesBuildPhase section */

/* Begin PBXVariantGroup section */
		220D5C0B1F383EA5000A99A5 /* Main.storyboard */ = {
			isa = PBXVariantGroup;
			children = (
				220D5C0C1F383EA5000A99A5 /* Base */,
			);
			name = Main.storyboard;
			sourceTree = "<group>";
		};
		220D5C101F383EA5000A99A5 /* LaunchScreen.storyboard */ = {
			isa = PBXVariantGroup;
			children = (
				220D5C111F383EA5000A99A5 /* Base */,
			);
			name = LaunchScreen.storyboard;
			sourceTree = "<group>";
		};
/* End PBXVariantGroup section */

/* Begin XCBuildConfiguration section */
		220D5C141F383EA5000A99A5 /* Debug */ = {
			isa = XCBuildConfiguration;
			buildSettings = {
				ALWAYS_SEARCH_USER_PATHS = NO;
				CLANG_ANALYZER_NONNULL = YES;
				CLANG_ANALYZER_NUMBER_OBJECT_CONVERSION = YES_AGGRESSIVE;
				CLANG_CXX_LANGUAGE_STANDARD = "gnu++0x";
				CLANG_CXX_LIBRARY = "libc++";
				CLANG_ENABLE_MODULES = YES;
				CLANG_ENABLE_OBJC_ARC = YES;
				CLANG_WARN_BOOL_CONVERSION = YES;
				CLANG_WARN_CONSTANT_CONVERSION = YES;
				CLANG_WARN_DIRECT_OBJC_ISA_USAGE = YES_ERROR;
				CLANG_WARN_DOCUMENTATION_COMMENTS = YES;
				CLANG_WARN_EMPTY_BODY = YES;
				CLANG_WARN_ENUM_CONVERSION = YES;
				CLANG_WARN_INFINITE_RECURSION = YES;
				CLANG_WARN_INT_CONVERSION = YES;
				CLANG_WARN_OBJC_ROOT_CLASS = YES_ERROR;
				CLANG_WARN_SUSPICIOUS_MOVE = YES;
				CLANG_WARN_UNREACHABLE_CODE = YES;
				CLANG_WARN__DUPLICATE_METHOD_MATCH = YES;
				"CODE_SIGN_IDENTITY[sdk=iphoneos*]" = "iPhone Developer";
				COPY_PHASE_STRIP = NO;
				DEBUG_INFORMATION_FORMAT = dwarf;
				ENABLE_STRICT_OBJC_MSGSEND = YES;
				ENABLE_TESTABILITY = YES;
				GCC_C_LANGUAGE_STANDARD = gnu99;
				GCC_DYNAMIC_NO_PIC = NO;
				GCC_NO_COMMON_BLOCKS = YES;
				GCC_OPTIMIZATION_LEVEL = 0;
				GCC_PREPROCESSOR_DEFINITIONS = (
					"DEBUG=1",
					"$(inherited)",
				);
				GCC_WARN_64_TO_32_BIT_CONVERSION = YES;
				GCC_WARN_ABOUT_RETURN_TYPE = YES_ERROR;
				GCC_WARN_UNDECLARED_SELECTOR = YES;
				GCC_WARN_UNINITIALIZED_AUTOS = YES_AGGRESSIVE;
				GCC_WARN_UNUSED_FUNCTION = YES;
				GCC_WARN_UNUSED_VARIABLE = YES;
				IPHONEOS_DEPLOYMENT_TARGET = 10.3;
				MTL_ENABLE_DEBUG_INFO = YES;
				ONLY_ACTIVE_ARCH = YES;
				SDKROOT = iphoneos;
				SWIFT_ACTIVE_COMPILATION_CONDITIONS = DEBUG;
				SWIFT_OPTIMIZATION_LEVEL = "-Onone";
				TARGETED_DEVICE_FAMILY = "1,2";
			};
			name = Debug;
		};
		220D5C151F383EA5000A99A5 /* Release */ = {
			isa = XCBuildConfiguration;
			buildSettings = {
				ALWAYS_SEARCH_USER_PATHS = NO;
				CLANG_ANALYZER_NONNULL = YES;
				CLANG_ANALYZER_NUMBER_OBJECT_CONVERSION = YES_AGGRESSIVE;
				CLANG_CXX_LANGUAGE_STANDARD = "gnu++0x";
				CLANG_CXX_LIBRARY = "libc++";
				CLANG_ENABLE_MODULES = YES;
				CLANG_ENABLE_OBJC_ARC = YES;
				CLANG_WARN_BOOL_CONVERSION = YES;
				CLANG_WARN_CONSTANT_CONVERSION = YES;
				CLANG_WARN_DIRECT_OBJC_ISA_USAGE = YES_ERROR;
				CLANG_WARN_DOCUMENTATION_COMMENTS = YES;
				CLANG_WARN_EMPTY_BODY = YES;
				CLANG_WARN_ENUM_CONVERSION = YES;
				CLANG_WARN_INFINITE_RECURSION = YES;
				CLANG_WARN_INT_CONVERSION = YES;
				CLANG_WARN_OBJC_ROOT_CLASS = YES_ERROR;
				CLANG_WARN_SUSPICIOUS_MOVE = YES;
				CLANG_WARN_UNREACHABLE_CODE = YES;
				CLANG_WARN__DUPLICATE_METHOD_MATCH = YES;
				"CODE_SIGN_IDENTITY[sdk=iphoneos*]" = "iPhone Developer";
				COPY_PHASE_STRIP = NO;
				DEBUG_INFORMATION_FORMAT = "dwarf-with-dsym";
				ENABLE_NS_ASSERTIONS = NO;
				ENABLE_STRICT_OBJC_MSGSEND = YES;
				GCC_C_LANGUAGE_STANDARD = gnu99;
				GCC_NO_COMMON_BLOCKS = YES;
				GCC_WARN_64_TO_32_BIT_CONVERSION = YES;
				GCC_WARN_ABOUT_RETURN_TYPE = YES_ERROR;
				GCC_WARN_UNDECLARED_SELECTOR = YES;
				GCC_WARN_UNINITIALIZED_AUTOS = YES_AGGRESSIVE;
				GCC_WARN_UNUSED_FUNCTION = YES;
				GCC_WARN_UNUSED_VARIABLE = YES;
				IPHONEOS_DEPLOYMENT_TARGET = 10.3;
				MTL_ENABLE_DEBUG_INFO = NO;
				SDKROOT = iphoneos;
				SWIFT_OPTIMIZATION_LEVEL = "-Owholemodule";
				TARGETED_DEVICE_FAMILY = "1,2";
				VALIDATE_PRODUCT = YES;
			};
			name = Release;
		};
		220D5C171F383EA5000A99A5 /* Debug */ = {
			isa = XCBuildConfiguration;
			buildSettings = {
				ASSETCATALOG_COMPILER_APPICON_NAME = AppIcon;
				INFOPLIST_FILE = "Pitch Perfect/Info.plist";
				LD_RUNPATH_SEARCH_PATHS = "$(inherited) @executable_path/Frameworks";
				PRODUCT_BUNDLE_IDENTIFIER = "advaitham.Pitch-Perfect";
				PRODUCT_NAME = "$(TARGET_NAME)";
				SWIFT_VERSION = 3.0;
			};
			name = Debug;
		};
		220D5C181F383EA5000A99A5 /* Release */ = {
			isa = XCBuildConfiguration;
			buildSettings = {
				ASSETCATALOG_COMPILER_APPICON_NAME = AppIcon;
				INFOPLIST_FILE = "Pitch Perfect/Info.plist";
				LD_RUNPATH_SEARCH_PATHS = "$(inherited) @executable_path/Frameworks";
				PRODUCT_BUNDLE_IDENTIFIER = "advaitham.Pitch-Perfect";
				PRODUCT_NAME = "$(TARGET_NAME)";
				SWIFT_VERSION = 3.0;
			};
			name = Release;
		};
/* End XCBuildConfiguration section */

/* Begin XCConfigurationList section */
		220D5BFF1F383EA5000A99A5 /* Build configuration list for PBXProject "Pitch Perfect" */ = {
			isa = XCConfigurationList;
			buildConfigurations = (
				220D5C141F383EA5000A99A5 /* Debug */,
				220D5C151F383EA5000A99A5 /* Release */,
			);
			defaultConfigurationIsVisible = 0;
			defaultConfigurationName = Release;
		};
		220D5C161F383EA5000A99A5 /* Build configuration list for PBXNativeTarget "Pitch Perfect" */ = {
			isa = XCConfigurationList;
			buildConfigurations = (
				220D5C171F383EA5000A99A5 /* Debug */,
				220D5C181F383EA5000A99A5 /* Release */,
			);
			defaultConfigurationIsVisible = 0;
			defaultConfigurationName = Release;
		};
/* End XCConfigurationList section */
	};
	rootObject = 220D5BFC1F383EA5000A99A5 /* Project object */;
}
